// !$*UTF8*$!
{
	archiveVersion = 1;
	classes = {
	};
	objectVersion = 46;
	objects = {

/* Begin PBXBuildFile section */
		12DE5CB41B3D8A7C008C0AD7 /* main.m in Sources */ = {isa = PBXBuildFile; fileRef = 12DE5CB31B3D8A7C008C0AD7 /* main.m */; };
		12DE5CB71B3D8A7C008C0AD7 /* AppDelegate.m in Sources */ = {isa = PBXBuildFile; fileRef = 12DE5CB61B3D8A7C008C0AD7 /* AppDelegate.m */; };
		12DE5CBA1B3D8A7C008C0AD7 /* ViewController.m in Sources */ = {isa = PBXBuildFile; fileRef = 12DE5CB91B3D8A7C008C0AD7 /* ViewController.m */; };
		12DE5CBD1B3D8A7C008C0AD7 /* Main.storyboard in Resources */ = {isa = PBXBuildFile; fileRef = 12DE5CBB1B3D8A7C008C0AD7 /* Main.storyboard */; };
		12DE5CBF1B3D8A7D008C0AD7 /* Images.xcassets in Resources */ = {isa = PBXBuildFile; fileRef = 12DE5CBE1B3D8A7D008C0AD7 /* Images.xcassets */; };
		12DE5CC21B3D8A7D008C0AD7 /* LaunchScreen.xib in Resources */ = {isa = PBXBuildFile; fileRef = 12DE5CC01B3D8A7D008C0AD7 /* LaunchScreen.xib */; };
		12DE5CCE1B3D8A7D008C0AD7 /* JSONwithAFNetworking_Get_Tests.m in Sources */ = {isa = PBXBuildFile; fileRef = 12DE5CCD1B3D8A7D008C0AD7 /* JSONwithAFNetworking_Get_Tests.m */; };
/* End PBXBuildFile section */

/* Begin PBXContainerItemProxy section */
		12DE5CC81B3D8A7D008C0AD7 /* PBXContainerItemProxy */ = {
			isa = PBXContainerItemProxy;
			containerPortal = 12DE5CA61B3D8A7B008C0AD7 /* Project object */;
			proxyType = 1;
			remoteGlobalIDString = 12DE5CAD1B3D8A7B008C0AD7;
			remoteInfo = "JSONwithAFNetworking(Get)";
		};
/* End PBXContainerItemProxy section */

/* Begin PBXFileReference section */
		12DE5CAE1B3D8A7B008C0AD7 /* JSONwithAFNetworking(Get).app */ = {isa = PBXFileReference; explicitFileType = wrapper.application; includeInIndex = 0; path = "JSONwithAFNetworking(Get).app"; sourceTree = BUILT_PRODUCTS_DIR; };
		12DE5CB21B3D8A7B008C0AD7 /* Info.plist */ = {isa = PBXFileReference; lastKnownFileType = text.plist.xml; path = Info.plist; sourceTree = "<group>"; };
		12DE5CB31B3D8A7C008C0AD7 /* main.m */ = {isa = PBXFileReference; lastKnownFileType = sourcecode.c.objc; path = main.m; sourceTree = "<group>"; };
		12DE5CB51B3D8A7C008C0AD7 /* AppDelegate.h */ = {isa = PBXFileReference; lastKnownFileType = sourcecode.c.h; path = AppDelegate.h; sourceTree = "<group>"; };
		12DE5CB61B3D8A7C008C0AD7 /* AppDelegate.m */ = {isa = PBXFileReference; lastKnownFileType = sourcecode.c.objc; path = AppDelegate.m; sourceTree = "<group>"; };
		12DE5CB81B3D8A7C008C0AD7 /* ViewController.h */ = {isa = PBXFileReference; lastKnownFileType = sourcecode.c.h; path = ViewController.h; sourceTree = "<group>"; };
		12DE5CB91B3D8A7C008C0AD7 /* ViewController.m */ = {isa = PBXFileReference; lastKnownFileType = sourcecode.c.objc; path = ViewController.m; sourceTree = "<group>"; };
		12DE5CBC1B3D8A7C008C0AD7 /* Base */ = {isa = PBXFileReference; lastKnownFileType = file.storyboard; name = Base; path = Base.lproj/Main.storyboard; sourceTree = "<group>"; };
		12DE5CBE1B3D8A7D008C0AD7 /* Images.xcassets */ = {isa = PBXFileReference; lastKnownFileType = folder.assetcatalog; path = Images.xcassets; sourceTree = "<group>"; };
		12DE5CC11B3D8A7D008C0AD7 /* Base */ = {isa = PBXFileReference; lastKnownFileType = file.xib; name = Base; path = Base.lproj/LaunchScreen.xib; sourceTree = "<group>"; };
		12DE5CC71B3D8A7D008C0AD7 /* JSONwithAFNetworking(Get)Tests.xctest */ = {isa = PBXFileReference; explicitFileType = wrapper.cfbundle; includeInIndex = 0; path = "JSONwithAFNetworking(Get)Tests.xctest"; sourceTree = BUILT_PRODUCTS_DIR; };
		12DE5CCC1B3D8A7D008C0AD7 /* Info.plist */ = {isa = PBXFileReference; lastKnownFileType = text.plist.xml; path = Info.plist; sourceTree = "<group>"; };
		12DE5CCD1B3D8A7D008C0AD7 /* JSONwithAFNetworking_Get_Tests.m */ = {isa = PBXFileReference; lastKnownFileType = sourcecode.c.objc; path = JSONwithAFNetworking_Get_Tests.m; sourceTree = "<group>"; };
/* End PBXFileReference section */

/* Begin PBXFrameworksBuildPhase section */
		12DE5CAB1B3D8A7B008C0AD7 /* Frameworks */ = {
			isa = PBXFrameworksBuildPhase;
			buildActionMask = 2147483647;
			files = (
			);
			runOnlyForDeploymentPostprocessing = 0;
		};
		12DE5CC41B3D8A7D008C0AD7 /* Frameworks */ = {
			isa = PBXFrameworksBuildPhase;
			buildActionMask = 2147483647;
			files = (
			);
			runOnlyForDeploymentPostprocessing = 0;
		};
/* End PBXFrameworksBuildPhase section */

/* Begin PBXGroup section */
		12DE5CA51B3D8A7B008C0AD7 = {
			isa = PBXGroup;
			children = (
				12DE5CB01B3D8A7B008C0AD7 /* JSONwithAFNetworking(Get) */,
				12DE5CCA1B3D8A7D008C0AD7 /* JSONwithAFNetworking(Get)Tests */,
				12DE5CAF1B3D8A7B008C0AD7 /* Products */,
			);
			sourceTree = "<group>";
		};
		12DE5CAF1B3D8A7B008C0AD7 /* Products */ = {
			isa = PBXGroup;
			children = (
				12DE5CAE1B3D8A7B008C0AD7 /* JSONwithAFNetworking(Get).app */,
				12DE5CC71B3D8A7D008C0AD7 /* JSONwithAFNetworking(Get)Tests.xctest */,
			);
			name = Products;
			sourceTree = "<group>";
		};
		12DE5CB01B3D8A7B008C0AD7 /* JSONwithAFNetworking(Get) */ = {
			isa = PBXGroup;
			children = (
				12DE5CB51B3D8A7C008C0AD7 /* AppDelegate.h */,
				12DE5CB61B3D8A7C008C0AD7 /* AppDelegate.m */,
				12DE5CB81B3D8A7C008C0AD7 /* ViewController.h */,
				12DE5CB91B3D8A7C008C0AD7 /* ViewController.m */,
				12DE5CBB1B3D8A7C008C0AD7 /* Main.storyboard */,
				12DE5CBE1B3D8A7D008C0AD7 /* Images.xcassets */,
				12DE5CC01B3D8A7D008C0AD7 /* LaunchScreen.xib */,
				12DE5CB11B3D8A7B008C0AD7 /* Supporting Files */,
			);
			path = "JSONwithAFNetworking(Get)";
			sourceTree = "<group>";
		};
		12DE5CB11B3D8A7B008C0AD7 /* Supporting Files */ = {
			isa = PBXGroup;
			children = (
				12DE5CB21B3D8A7B008C0AD7 /* Info.plist */,
				12DE5CB31B3D8A7C008C0AD7 /* main.m */,
			);
			name = "Supporting Files";
			sourceTree = "<group>";
		};
		12DE5CCA1B3D8A7D008C0AD7 /* JSONwithAFNetworking(Get)Tests */ = {
			isa = PBXGroup;
			children = (
				12DE5CCD1B3D8A7D008C0AD7 /* JSONwithAFNetworking_Get_Tests.m */,
				12DE5CCB1B3D8A7D008C0AD7 /* Supporting Files */,
			);
			path = "JSONwithAFNetworking(Get)Tests";
			sourceTree = "<group>";
		};
		12DE5CCB1B3D8A7D008C0AD7 /* Supporting Files */ = {
			isa = PBXGroup;
			children = (
				12DE5CCC1B3D8A7D008C0AD7 /* Info.plist */,
			);
			name = "Supporting Files";
			sourceTree = "<group>";
		};
/* End PBXGroup section */

/* Begin PBXNativeTarget section */
		12DE5CAD1B3D8A7B008C0AD7 /* JSONwithAFNetworking(Get) */ = {
			isa = PBXNativeTarget;
			buildConfigurationList = 12DE5CD11B3D8A7D008C0AD7 /* Build configuration list for PBXNativeTarget "JSONwithAFNetworking(Get)" */;
			buildPhases = (
				12DE5CAA1B3D8A7B008C0AD7 /* Sources */,
				12DE5CAB1B3D8A7B008C0AD7 /* Frameworks */,
				12DE5CAC1B3D8A7B008C0AD7 /* Resources */,
			);
			buildRules = (
			);
			dependencies = (
			);
			name = "JSONwithAFNetworking(Get)";
			productName = "JSONwithAFNetworking(Get)";
			productReference = 12DE5CAE1B3D8A7B008C0AD7 /* JSONwithAFNetworking(Get).app */;
			productType = "com.apple.product-type.application";
		};
		12DE5CC61B3D8A7D008C0AD7 /* JSONwithAFNetworking(Get)Tests */ = {
			isa = PBXNativeTarget;
			buildConfigurationList = 12DE5CD41B3D8A7D008C0AD7 /* Build configuration list for PBXNativeTarget "JSONwithAFNetworking(Get)Tests" */;
			buildPhases = (
				12DE5CC31B3D8A7D008C0AD7 /* Sources */,
				12DE5CC41B3D8A7D008C0AD7 /* Frameworks */,
				12DE5CC51B3D8A7D008C0AD7 /* Resources */,
			);
			buildRules = (
			);
			dependencies = (
				12DE5CC91B3D8A7D008C0AD7 /* PBXTargetDependency */,
			);
			name = "JSONwithAFNetworking(Get)Tests";
			productName = "JSONwithAFNetworking(Get)Tests";
			productReference = 12DE5CC71B3D8A7D008C0AD7 /* JSONwithAFNetworking(Get)Tests.xctest */;
			productType = "com.apple.product-type.bundle.unit-test";
		};
/* End PBXNativeTarget section */

/* Begin PBXProject section */
		12DE5CA61B3D8A7B008C0AD7 /* Project object */ = {
			isa = PBXProject;
			attributes = {
				LastUpgradeCheck = 0630;
				ORGANIZATIONNAME = Zaptech;
				TargetAttributes = {
					12DE5CAD1B3D8A7B008C0AD7 = {
						CreatedOnToolsVersion = 6.3;
					};
					12DE5CC61B3D8A7D008C0AD7 = {
						CreatedOnToolsVersion = 6.3;
						TestTargetID = 12DE5CAD1B3D8A7B008C0AD7;
					};
				};
			};
			buildConfigurationList = 12DE5CA91B3D8A7B008C0AD7 /* Build configuration list for PBXProject "JSONwithAFNetworking(Get)" */;
			compatibilityVersion = "Xcode 3.2";
			developmentRegion = English;
			hasScannedForEncodings = 0;
			knownRegions = (
				en,
				Base,
			);
			mainGroup = 12DE5CA51B3D8A7B008C0AD7;
			productRefGroup = 12DE5CAF1B3D8A7B008C0AD7 /* Products */;
			projectDirPath = "";
			projectRoot = "";
			targets = (
				12DE5CAD1B3D8A7B008C0AD7 /* JSONwithAFNetworking(Get) */,
				12DE5CC61B3D8A7D008C0AD7 /* JSONwithAFNetworking(Get)Tests */,
			);
		};
/* End PBXProject section */

/* Begin PBXResourcesBuildPhase section */
		12DE5CAC1B3D8A7B008C0AD7 /* Resources */ = {
			isa = PBXResourcesBuildPhase;
			buildActionMask = 2147483647;
			files = (
				12DE5CBD1B3D8A7C008C0AD7 /* Main.storyboard in Resources */,
				12DE5CC21B3D8A7D008C0AD7 /* LaunchScreen.xib in Resources */,
				12DE5CBF1B3D8A7D008C0AD7 /* Images.xcassets in Resources */,
			);
			runOnlyForDeploymentPostprocessing = 0;
		};
		12DE5CC51B3D8A7D008C0AD7 /* Resources */ = {
			isa = PBXResourcesBuildPhase;
			buildActionMask = 2147483647;
			files = (
			);
			runOnlyForDeploymentPostprocessing = 0;
		};
/* End PBXResourcesBuildPhase section */

/* Begin PBXSourcesBuildPhase section */
		12DE5CAA1B3D8A7B008C0AD7 /* Sources */ = {
			isa = PBXSourcesBuildPhase;
			buildActionMask = 2147483647;
			files = (
				12DE5CBA1B3D8A7C008C0AD7 /* ViewController.m in Sources */,
				12DE5CB71B3D8A7C008C0AD7 /* AppDelegate.m in Sources */,
				12DE5CB41B3D8A7C008C0AD7 /* main.m in Sources */,
			);
			runOnlyForDeploymentPostprocessing = 0;
		};
		12DE5CC31B3D8A7D008C0AD7 /* Sources */ = {
			isa = PBXSourcesBuildPhase;
			buildActionMask = 2147483647;
			files = (
				12DE5CCE1B3D8A7D008C0AD7 /* JSONwithAFNetworking_Get_Tests.m in Sources */,
			);
			runOnlyForDeploymentPostprocessing = 0;
		};
/* End PBXSourcesBuildPhase section */

/* Begin PBXTargetDependency section */
		12DE5CC91B3D8A7D008C0AD7 /* PBXTargetDependency */ = {
			isa = PBXTargetDependency;
			target = 12DE5CAD1B3D8A7B008C0AD7 /* JSONwithAFNetworking(Get) */;
			targetProxy = 12DE5CC81B3D8A7D008C0AD7 /* PBXContainerItemProxy */;
		};
/* End PBXTargetDependency section */

/* Begin PBXVariantGroup section */
		12DE5CBB1B3D8A7C008C0AD7 /* Main.storyboard */ = {
			isa = PBXVariantGroup;
			children = (
				12DE5CBC1B3D8A7C008C0AD7 /* Base */,
			);
			name = Main.storyboard;
			sourceTree = "<group>";
		};
		12DE5CC01B3D8A7D008C0AD7 /* LaunchScreen.xib */ = {
			isa = PBXVariantGroup;
			children = (
				12DE5CC11B3D8A7D008C0AD7 /* Base */,
			);
			name = LaunchScreen.xib;
			sourceTree = "<group>";
		};
/* End PBXVariantGroup section */

/* Begin XCBuildConfiguration section */
		12DE5CCF1B3D8A7D008C0AD7 /* Debug */ = {
			isa = XCBuildConfiguration;
			buildSettings = {
				ALWAYS_SEARCH_USER_PATHS = NO;
				CLANG_CXX_LANGUAGE_STANDARD = "gnu++0x";
				CLANG_CXX_LIBRARY = "libc++";
				CLANG_ENABLE_MODULES = YES;
				CLANG_ENABLE_OBJC_ARC = YES;
				CLANG_WARN_BOOL_CONVERSION = YES;
				CLANG_WARN_CONSTANT_CONVERSION = YES;
				CLANG_WARN_DIRECT_OBJC_ISA_USAGE = YES_ERROR;
				CLANG_WARN_EMPTY_BODY = YES;
				CLANG_WARN_ENUM_CONVERSION = YES;
				CLANG_WARN_INT_CONVERSION = YES;
				CLANG_WARN_OBJC_ROOT_CLASS = YES_ERROR;
				CLANG_WARN_UNREACHABLE_CODE = YES;
				CLANG_WARN__DUPLICATE_METHOD_MATCH = YES;
				"CODE_SIGN_IDENTITY[sdk=iphoneos*]" = "iPhone Developer";
				COPY_PHASE_STRIP = NO;
				DEBUG_INFORMATION_FORMAT = "dwarf-with-dsym";
				ENABLE_STRICT_OBJC_MSGSEND = YES;
				GCC_C_LANGUAGE_STANDARD = gnu99;
				GCC_DYNAMIC_NO_PIC = NO;
				GCC_NO_COMMON_BLOCKS = YES;
				GCC_OPTIMIZATION_LEVEL = 0;
				GCC_PREPROCESSOR_DEFINITIONS = (
					"DEBUG=1",
					"$(inherited)",
				);
				GCC_SYMBOLS_PRIVATE_EXTERN = NO;
				GCC_WARN_64_TO_32_BIT_CONVERSION = YES;
				GCC_WARN_ABOUT_RETURN_TYPE = YES_ERROR;
				GCC_WARN_UNDECLARED_SELECTOR = YES;
				GCC_WARN_UNINITIALIZED_AUTOS = YES_AGGRESSIVE;
				GCC_WARN_UNUSED_FUNCTION = YES;
				GCC_WARN_UNUSED_VARIABLE = YES;
				IPHONEOS_DEPLOYMENT_TARGET = 8.3;
				MTL_ENABLE_DEBUG_INFO = YES;
				ONLY_ACTIVE_ARCH = YES;
				SDKROOT = iphoneos;
			};
			name = Debug;
		};
		12DE5CD01B3D8A7D008C0AD7 /* Release */ = {
			isa = XCBuildConfiguration;
			buildSettings = {
				ALWAYS_SEARCH_USER_PATHS = NO;
				CLANG_CXX_LANGUAGE_STANDARD = "gnu++0x";
				CLANG_CXX_LIBRARY = "libc++";
				CLANG_ENABLE_MODULES = YES;
				CLANG_ENABLE_OBJC_ARC = YES;
				CLANG_WARN_BOOL_CONVERSION = YES;
				CLANG_WARN_CONSTANT_CONVERSION = YES;
				CLANG_WARN_DIRECT_OBJC_ISA_USAGE = YES_ERROR;
				CLANG_WARN_EMPTY_BODY = YES;
				CLANG_WARN_ENUM_CONVERSION = YES;
				CLANG_WARN_INT_CONVERSION = YES;
				CLANG_WARN_OBJC_ROOT_CLASS = YES_ERROR;
				CLANG_WARN_UNREACHABLE_CODE = YES;
				CLANG_WARN__DUPLICATE_METHOD_MATCH = YES;
				"CODE_SIGN_IDENTITY[sdk=iphoneos*]" = "iPhone Developer";
				COPY_PHASE_STRIP = NO;
				DEBUG_INFORMATION_FORMAT = "dwarf-with-dsym";
				ENABLE_NS_ASSERTIONS = NO;
				ENABLE_STRICT_OBJC_MSGSEND = YES;
				GCC_C_LANGUAGE_STANDARD = gnu99;
				GCC_NO_COMMON_BLOCKS = YES;
				GCC_WARN_64_TO_32_BIT_CONVERSION = YES;
				GCC_WARN_ABOUT_RETURN_TYPE = YES_ERROR;
				GCC_WARN_UNDECLARED_SELECTOR = YES;
				GCC_WARN_UNINITIALIZED_AUTOS = YES_AGGRESSIVE;
				GCC_WARN_UNUSED_FUNCTION = YES;
				GCC_WARN_UNUSED_VARIABLE = YES;
				IPHONEOS_DEPLOYMENT_TARGET = 8.3;
				MTL_ENABLE_DEBUG_INFO = NO;
				SDKROOT = iphoneos;
				VALIDATE_PRODUCT = YES;
			};
			name = Release;
		};
		12DE5CD21B3D8A7D008C0AD7 /* Debug */ = {
			isa = XCBuildConfiguration;
			buildSettings = {
				ASSETCATALOG_COMPILER_APPICON_NAME = AppIcon;
				INFOPLIST_FILE = "JSONwithAFNetworking(Get)/Info.plist";
				LD_RUNPATH_SEARCH_PATHS = "$(inherited) @executable_path/Frameworks";
				PRODUCT_NAME = "$(TARGET_NAME)";
			};
			name = Debug;
		};
		12DE5CD31B3D8A7D008C0AD7 /* Release */ = {
			isa = XCBuildConfiguration;
			buildSettings = {
				ASSETCATALOG_COMPILER_APPICON_NAME = AppIcon;
				INFOPLIST_FILE = "JSONwithAFNetworking(Get)/Info.plist";
				LD_RUNPATH_SEARCH_PATHS = "$(inherited) @executable_path/Frameworks";
				PRODUCT_NAME = "$(TARGET_NAME)";
			};
			name = Release;
		};
		12DE5CD51B3D8A7D008C0AD7 /* Debug */ = {
			isa = XCBuildConfiguration;
			buildSettings = {
				BUNDLE_LOADER = "$(TEST_HOST)";
				FRAMEWORK_SEARCH_PATHS = (
					"$(SDKROOT)/Developer/Library/Frameworks",
					"$(inherited)",
				);
				GCC_PREPROCESSOR_DEFINITIONS = (
					"DEBUG=1",
					"$(inherited)",
				);
				INFOPLIST_FILE = "JSONwithAFNetworking(Get)Tests/Info.plist";
				LD_RUNPATH_SEARCH_PATHS = "$(inherited) @executable_path/Frameworks @loader_path/Frameworks";
				PRODUCT_NAME = "$(TARGET_NAME)";
				TEST_HOST = "$(BUILT_PRODUCTS_DIR)/JSONwithAFNetworking(Get).app/JSONwithAFNetworking(Get)";
			};
			name = Debug;
		};
		12DE5CD61B3D8A7D008C0AD7 /* Release */ = {
			isa = XCBuildConfiguration;
			buildSettings = {
				BUNDLE_LOADER = "$(TEST_HOST)";
				FRAMEWORK_SEARCH_PATHS = (
					"$(SDKROOT)/Developer/Library/Frameworks",
					"$(inherited)",
				);
				INFOPLIST_FILE = "JSONwithAFNetworking(Get)Tests/Info.plist";
				LD_RUNPATH_SEARCH_PATHS = "$(inherited) @executable_path/Frameworks @loader_path/Frameworks";
				PRODUCT_NAME = "$(TARGET_NAME)";
				TEST_HOST = "$(BUILT_PRODUCTS_DIR)/JSONwithAFNetworking(Get).app/JSONwithAFNetworking(Get)";
			};
			name = Release;
		};
/* End XCBuildConfiguration section */

/* Begin XCConfigurationList section */
		12DE5CA91B3D8A7B008C0AD7 /* Build configuration list for PBXProject "JSONwithAFNetworking(Get)" */ = {
			isa = XCConfigurationList;
			buildConfigurations = (
				12DE5CCF1B3D8A7D008C0AD7 /* Debug */,
				12DE5CD01B3D8A7D008C0AD7 /* Release */,
			);
			defaultConfigurationIsVisible = 0;
			defaultConfigurationName = Release;
		};
		12DE5CD11B3D8A7D008C0AD7 /* Build configuration list for PBXNativeTarget "JSONwithAFNetworking(Get)" */ = {
			isa = XCConfigurationList;
			buildConfigurations = (
				12DE5CD21B3D8A7D008C0AD7 /* Debug */,
				12DE5CD31B3D8A7D008C0AD7 /* Release */,
			);
			defaultConfigurationIsVisible = 0;
		};
		12DE5CD41B3D8A7D008C0AD7 /* Build configuration list for PBXNativeTarget "JSONwithAFNetworking(Get)Tests" */ = {
			isa = XCConfigurationList;
			buildConfigurations = (
				12DE5CD51B3D8A7D008C0AD7 /* Debug */,
				12DE5CD61B3D8A7D008C0AD7 /* Release */,
			);
			defaultConfigurationIsVisible = 0;
		};
/* End XCConfigurationList section */
	};
	rootObject = 12DE5CA61B3D8A7B008C0AD7 /* Project object */;
}
