// !$*UTF8*$!
{
	archiveVersion = 1;
	classes = {
	};
	objectVersion = 46;
	objects = {

/* Begin PBXBuildFile section */
		12947FB91B32D069003510FF /* main.m in Sources */ = {isa = PBXBuildFile; fileRef = 12947FB81B32D069003510FF /* main.m */; };
		12947FBC1B32D069003510FF /* AppDelegate.m in Sources */ = {isa = PBXBuildFile; fileRef = 12947FBB1B32D069003510FF /* AppDelegate.m */; };
		12947FBF1B32D069003510FF /* ViewController.m in Sources */ = {isa = PBXBuildFile; fileRef = 12947FBE1B32D069003510FF /* ViewController.m */; };
		12947FC21B32D069003510FF /* Main.storyboard in Resources */ = {isa = PBXBuildFile; fileRef = 12947FC01B32D069003510FF /* Main.storyboard */; };
		12947FC41B32D069003510FF /* Images.xcassets in Resources */ = {isa = PBXBuildFile; fileRef = 12947FC31B32D069003510FF /* Images.xcassets */; };
		12947FC71B32D069003510FF /* LaunchScreen.xib in Resources */ = {isa = PBXBuildFile; fileRef = 12947FC51B32D069003510FF /* LaunchScreen.xib */; };
		12947FD31B32D069003510FF /* Location_UserDefineTests.m in Sources */ = {isa = PBXBuildFile; fileRef = 12947FD21B32D069003510FF /* Location_UserDefineTests.m */; };
		12947FDD1B32D184003510FF /* CoreLocation.framework in Frameworks */ = {isa = PBXBuildFile; fileRef = 12947FDC1B32D184003510FF /* CoreLocation.framework */; };
/* End PBXBuildFile section */

/* Begin PBXContainerItemProxy section */
		12947FCD1B32D069003510FF /* PBXContainerItemProxy */ = {
			isa = PBXContainerItemProxy;
			containerPortal = 12947FAB1B32D069003510FF /* Project object */;
			proxyType = 1;
			remoteGlobalIDString = 12947FB21B32D069003510FF;
			remoteInfo = Location_UserDefine;
		};
/* End PBXContainerItemProxy section */

/* Begin PBXFileReference section */
		12947FB31B32D069003510FF /* Location_UserDefine.app */ = {isa = PBXFileReference; explicitFileType = wrapper.application; includeInIndex = 0; path = Location_UserDefine.app; sourceTree = BUILT_PRODUCTS_DIR; };
		12947FB71B32D069003510FF /* Info.plist */ = {isa = PBXFileReference; lastKnownFileType = text.plist.xml; path = Info.plist; sourceTree = "<group>"; };
		12947FB81B32D069003510FF /* main.m */ = {isa = PBXFileReference; lastKnownFileType = sourcecode.c.objc; path = main.m; sourceTree = "<group>"; };
		12947FBA1B32D069003510FF /* AppDelegate.h */ = {isa = PBXFileReference; lastKnownFileType = sourcecode.c.h; path = AppDelegate.h; sourceTree = "<group>"; };
		12947FBB1B32D069003510FF /* AppDelegate.m */ = {isa = PBXFileReference; lastKnownFileType = sourcecode.c.objc; path = AppDelegate.m; sourceTree = "<group>"; };
		12947FBD1B32D069003510FF /* ViewController.h */ = {isa = PBXFileReference; lastKnownFileType = sourcecode.c.h; path = ViewController.h; sourceTree = "<group>"; };
		12947FBE1B32D069003510FF /* ViewController.m */ = {isa = PBXFileReference; lastKnownFileType = sourcecode.c.objc; path = ViewController.m; sourceTree = "<group>"; };
		12947FC11B32D069003510FF /* Base */ = {isa = PBXFileReference; lastKnownFileType = file.storyboard; name = Base; path = Base.lproj/Main.storyboard; sourceTree = "<group>"; };
		12947FC31B32D069003510FF /* Images.xcassets */ = {isa = PBXFileReference; lastKnownFileType = folder.assetcatalog; path = Images.xcassets; sourceTree = "<group>"; };
		12947FC61B32D069003510FF /* Base */ = {isa = PBXFileReference; lastKnownFileType = file.xib; name = Base; path = Base.lproj/LaunchScreen.xib; sourceTree = "<group>"; };
		12947FCC1B32D069003510FF /* Location_UserDefineTests.xctest */ = {isa = PBXFileReference; explicitFileType = wrapper.cfbundle; includeInIndex = 0; path = Location_UserDefineTests.xctest; sourceTree = BUILT_PRODUCTS_DIR; };
		12947FD11B32D069003510FF /* Info.plist */ = {isa = PBXFileReference; lastKnownFileType = text.plist.xml; path = Info.plist; sourceTree = "<group>"; };
		12947FD21B32D069003510FF /* Location_UserDefineTests.m */ = {isa = PBXFileReference; lastKnownFileType = sourcecode.c.objc; path = Location_UserDefineTests.m; sourceTree = "<group>"; };
		12947FDC1B32D184003510FF /* CoreLocation.framework */ = {isa = PBXFileReference; lastKnownFileType = wrapper.framework; name = CoreLocation.framework; path = System/Library/Frameworks/CoreLocation.framework; sourceTree = SDKROOT; };
/* End PBXFileReference section */

/* Begin PBXFrameworksBuildPhase section */
		12947FB01B32D069003510FF /* Frameworks */ = {
			isa = PBXFrameworksBuildPhase;
			buildActionMask = 2147483647;
			files = (
				12947FDD1B32D184003510FF /* CoreLocation.framework in Frameworks */,
			);
			runOnlyForDeploymentPostprocessing = 0;
		};
		12947FC91B32D069003510FF /* Frameworks */ = {
			isa = PBXFrameworksBuildPhase;
			buildActionMask = 2147483647;
			files = (
			);
			runOnlyForDeploymentPostprocessing = 0;
		};
/* End PBXFrameworksBuildPhase section */

/* Begin PBXGroup section */
		12947FAA1B32D069003510FF = {
			isa = PBXGroup;
			children = (
				12947FB51B32D069003510FF /* Location_UserDefine */,
				12947FCF1B32D069003510FF /* Location_UserDefineTests */,
				12947FB41B32D069003510FF /* Products */,
			);
			sourceTree = "<group>";
		};
		12947FB41B32D069003510FF /* Products */ = {
			isa = PBXGroup;
			children = (
				12947FB31B32D069003510FF /* Location_UserDefine.app */,
				12947FCC1B32D069003510FF /* Location_UserDefineTests.xctest */,
			);
			name = Products;
			sourceTree = "<group>";
		};
		12947FB51B32D069003510FF /* Location_UserDefine */ = {
			isa = PBXGroup;
			children = (
				12947FBA1B32D069003510FF /* AppDelegate.h */,
				12947FBB1B32D069003510FF /* AppDelegate.m */,
				12947FBD1B32D069003510FF /* ViewController.h */,
				12947FBE1B32D069003510FF /* ViewController.m */,
				12947FC01B32D069003510FF /* Main.storyboard */,
				12947FC31B32D069003510FF /* Images.xcassets */,
				12947FC51B32D069003510FF /* LaunchScreen.xib */,
				12947FB61B32D069003510FF /* Supporting Files */,
			);
			path = Location_UserDefine;
			sourceTree = "<group>";
		};
		12947FB61B32D069003510FF /* Supporting Files */ = {
			isa = PBXGroup;
			children = (
				12947FDC1B32D184003510FF /* CoreLocation.framework */,
				12947FB71B32D069003510FF /* Info.plist */,
				12947FB81B32D069003510FF /* main.m */,
			);
			name = "Supporting Files";
			sourceTree = "<group>";
		};
		12947FCF1B32D069003510FF /* Location_UserDefineTests */ = {
			isa = PBXGroup;
			children = (
				12947FD21B32D069003510FF /* Location_UserDefineTests.m */,
				12947FD01B32D069003510FF /* Supporting Files */,
			);
			path = Location_UserDefineTests;
			sourceTree = "<group>";
		};
		12947FD01B32D069003510FF /* Supporting Files */ = {
			isa = PBXGroup;
			children = (
				12947FD11B32D069003510FF /* Info.plist */,
			);
			name = "Supporting Files";
			sourceTree = "<group>";
		};
/* End PBXGroup section */

/* Begin PBXNativeTarget section */
		12947FB21B32D069003510FF /* Location_UserDefine */ = {
			isa = PBXNativeTarget;
			buildConfigurationList = 12947FD61B32D069003510FF /* Build configuration list for PBXNativeTarget "Location_UserDefine" */;
			buildPhases = (
				12947FAF1B32D069003510FF /* Sources */,
				12947FB01B32D069003510FF /* Frameworks */,
				12947FB11B32D069003510FF /* Resources */,
			);
			buildRules = (
			);
			dependencies = (
			);
			name = Location_UserDefine;
			productName = Location_UserDefine;
			productReference = 12947FB31B32D069003510FF /* Location_UserDefine.app */;
			productType = "com.apple.product-type.application";
		};
		12947FCB1B32D069003510FF /* Location_UserDefineTests */ = {
			isa = PBXNativeTarget;
			buildConfigurationList = 12947FD91B32D069003510FF /* Build configuration list for PBXNativeTarget "Location_UserDefineTests" */;
			buildPhases = (
				12947FC81B32D069003510FF /* Sources */,
				12947FC91B32D069003510FF /* Frameworks */,
				12947FCA1B32D069003510FF /* Resources */,
			);
			buildRules = (
			);
			dependencies = (
				12947FCE1B32D069003510FF /* PBXTargetDependency */,
			);
			name = Location_UserDefineTests;
			productName = Location_UserDefineTests;
			productReference = 12947FCC1B32D069003510FF /* Location_UserDefineTests.xctest */;
			productType = "com.apple.product-type.bundle.unit-test";
		};
/* End PBXNativeTarget section */

/* Begin PBXProject section */
		12947FAB1B32D069003510FF /* Project object */ = {
			isa = PBXProject;
			attributes = {
				LastUpgradeCheck = 0630;
				ORGANIZATIONNAME = Zaptech;
				TargetAttributes = {
					12947FB21B32D069003510FF = {
						CreatedOnToolsVersion = 6.3;
					};
					12947FCB1B32D069003510FF = {
						CreatedOnToolsVersion = 6.3;
						TestTargetID = 12947FB21B32D069003510FF;
					};
				};
			};
			buildConfigurationList = 12947FAE1B32D069003510FF /* Build configuration list for PBXProject "Location_UserDefine" */;
			compatibilityVersion = "Xcode 3.2";
			developmentRegion = English;
			hasScannedForEncodings = 0;
			knownRegions = (
				en,
				Base,
			);
			mainGroup = 12947FAA1B32D069003510FF;
			productRefGroup = 12947FB41B32D069003510FF /* Products */;
			projectDirPath = "";
			projectRoot = "";
			targets = (
				12947FB21B32D069003510FF /* Location_UserDefine */,
				12947FCB1B32D069003510FF /* Location_UserDefineTests */,
			);
		};
/* End PBXProject section */

/* Begin PBXResourcesBuildPhase section */
		12947FB11B32D069003510FF /* Resources */ = {
			isa = PBXResourcesBuildPhase;
			buildActionMask = 2147483647;
			files = (
				12947FC21B32D069003510FF /* Main.storyboard in Resources */,
				12947FC71B32D069003510FF /* LaunchScreen.xib in Resources */,
				12947FC41B32D069003510FF /* Images.xcassets in Resources */,
			);
			runOnlyForDeploymentPostprocessing = 0;
		};
		12947FCA1B32D069003510FF /* Resources */ = {
			isa = PBXResourcesBuildPhase;
			buildActionMask = 2147483647;
			files = (
			);
			runOnlyForDeploymentPostprocessing = 0;
		};
/* End PBXResourcesBuildPhase section */

/* Begin PBXSourcesBuildPhase section */
		12947FAF1B32D069003510FF /* Sources */ = {
			isa = PBXSourcesBuildPhase;
			buildActionMask = 2147483647;
			files = (
				12947FBF1B32D069003510FF /* ViewController.m in Sources */,
				12947FBC1B32D069003510FF /* AppDelegate.m in Sources */,
				12947FB91B32D069003510FF /* main.m in Sources */,
			);
			runOnlyForDeploymentPostprocessing = 0;
		};
		12947FC81B32D069003510FF /* Sources */ = {
			isa = PBXSourcesBuildPhase;
			buildActionMask = 2147483647;
			files = (
				12947FD31B32D069003510FF /* Location_UserDefineTests.m in Sources */,
			);
			runOnlyForDeploymentPostprocessing = 0;
		};
/* End PBXSourcesBuildPhase section */

/* Begin PBXTargetDependency section */
		12947FCE1B32D069003510FF /* PBXTargetDependency */ = {
			isa = PBXTargetDependency;
			target = 12947FB21B32D069003510FF /* Location_UserDefine */;
			targetProxy = 12947FCD1B32D069003510FF /* PBXContainerItemProxy */;
		};
/* End PBXTargetDependency section */

/* Begin PBXVariantGroup section */
		12947FC01B32D069003510FF /* Main.storyboard */ = {
			isa = PBXVariantGroup;
			children = (
				12947FC11B32D069003510FF /* Base */,
			);
			name = Main.storyboard;
			sourceTree = "<group>";
		};
		12947FC51B32D069003510FF /* LaunchScreen.xib */ = {
			isa = PBXVariantGroup;
			children = (
				12947FC61B32D069003510FF /* Base */,
			);
			name = LaunchScreen.xib;
			sourceTree = "<group>";
		};
/* End PBXVariantGroup section */

/* Begin XCBuildConfiguration section */
		12947FD41B32D069003510FF /* Debug */ = {
			isa = XCBuildConfiguration;
			buildSettings = {
				ALWAYS_SEARCH_USER_PATHS = NO;
				CLANG_CXX_LANGUAGE_STANDARD = "gnu++0x";
				CLANG_CXX_LIBRARY = "libc++";
				CLANG_ENABLE_MODULES = YES;
				CLANG_ENABLE_OBJC_ARC = YES;
				CLANG_WARN_BOOL_CONVERSION = YES;
				CLANG_WARN_CONSTANT_CONVERSION = YES;
				CLANG_WARN_DIRECT_OBJC_ISA_USAGE = YES_ERROR;
				CLANG_WARN_EMPTY_BODY = YES;
				CLANG_WARN_ENUM_CONVERSION = YES;
				CLANG_WARN_INT_CONVERSION = YES;
				CLANG_WARN_OBJC_ROOT_CLASS = YES_ERROR;
				CLANG_WARN_UNREACHABLE_CODE = YES;
				CLANG_WARN__DUPLICATE_METHOD_MATCH = YES;
				"CODE_SIGN_IDENTITY[sdk=iphoneos*]" = "iPhone Developer";
				COPY_PHASE_STRIP = NO;
				DEBUG_INFORMATION_FORMAT = "dwarf-with-dsym";
				ENABLE_STRICT_OBJC_MSGSEND = YES;
				GCC_C_LANGUAGE_STANDARD = gnu99;
				GCC_DYNAMIC_NO_PIC = NO;
				GCC_NO_COMMON_BLOCKS = YES;
				GCC_OPTIMIZATION_LEVEL = 0;
				GCC_PREPROCESSOR_DEFINITIONS = (
					"DEBUG=1",
					"$(inherited)",
				);
				GCC_SYMBOLS_PRIVATE_EXTERN = NO;
				GCC_WARN_64_TO_32_BIT_CONVERSION = YES;
				GCC_WARN_ABOUT_RETURN_TYPE = YES_ERROR;
				GCC_WARN_UNDECLARED_SELECTOR = YES;
				GCC_WARN_UNINITIALIZED_AUTOS = YES_AGGRESSIVE;
				GCC_WARN_UNUSED_FUNCTION = YES;
				GCC_WARN_UNUSED_VARIABLE = YES;
				IPHONEOS_DEPLOYMENT_TARGET = 8.3;
				MTL_ENABLE_DEBUG_INFO = YES;
				ONLY_ACTIVE_ARCH = YES;
				SDKROOT = iphoneos;
			};
			name = Debug;
		};
		12947FD51B32D069003510FF /* Release */ = {
			isa = XCBuildConfiguration;
			buildSettings = {
				ALWAYS_SEARCH_USER_PATHS = NO;
				CLANG_CXX_LANGUAGE_STANDARD = "gnu++0x";
				CLANG_CXX_LIBRARY = "libc++";
				CLANG_ENABLE_MODULES = YES;
				CLANG_ENABLE_OBJC_ARC = YES;
				CLANG_WARN_BOOL_CONVERSION = YES;
				CLANG_WARN_CONSTANT_CONVERSION = YES;
				CLANG_WARN_DIRECT_OBJC_ISA_USAGE = YES_ERROR;
				CLANG_WARN_EMPTY_BODY = YES;
				CLANG_WARN_ENUM_CONVERSION = YES;
				CLANG_WARN_INT_CONVERSION = YES;
				CLANG_WARN_OBJC_ROOT_CLASS = YES_ERROR;
				CLANG_WARN_UNREACHABLE_CODE = YES;
				CLANG_WARN__DUPLICATE_METHOD_MATCH = YES;
				"CODE_SIGN_IDENTITY[sdk=iphoneos*]" = "iPhone Developer";
				COPY_PHASE_STRIP = NO;
				DEBUG_INFORMATION_FORMAT = "dwarf-with-dsym";
				ENABLE_NS_ASSERTIONS = NO;
				ENABLE_STRICT_OBJC_MSGSEND = YES;
				GCC_C_LANGUAGE_STANDARD = gnu99;
				GCC_NO_COMMON_BLOCKS = YES;
				GCC_WARN_64_TO_32_BIT_CONVERSION = YES;
				GCC_WARN_ABOUT_RETURN_TYPE = YES_ERROR;
				GCC_WARN_UNDECLARED_SELECTOR = YES;
				GCC_WARN_UNINITIALIZED_AUTOS = YES_AGGRESSIVE;
				GCC_WARN_UNUSED_FUNCTION = YES;
				GCC_WARN_UNUSED_VARIABLE = YES;
				IPHONEOS_DEPLOYMENT_TARGET = 8.3;
				MTL_ENABLE_DEBUG_INFO = NO;
				SDKROOT = iphoneos;
				VALIDATE_PRODUCT = YES;
			};
			name = Release;
		};
		12947FD71B32D069003510FF /* Debug */ = {
			isa = XCBuildConfiguration;
			buildSettings = {
				ASSETCATALOG_COMPILER_APPICON_NAME = AppIcon;
				INFOPLIST_FILE = Location_UserDefine/Info.plist;
				LD_RUNPATH_SEARCH_PATHS = "$(inherited) @executable_path/Frameworks";
				PRODUCT_NAME = "$(TARGET_NAME)";
			};
			name = Debug;
		};
		12947FD81B32D069003510FF /* Release */ = {
			isa = XCBuildConfiguration;
			buildSettings = {
				ASSETCATALOG_COMPILER_APPICON_NAME = AppIcon;
				INFOPLIST_FILE = Location_UserDefine/Info.plist;
				LD_RUNPATH_SEARCH_PATHS = "$(inherited) @executable_path/Frameworks";
				PRODUCT_NAME = "$(TARGET_NAME)";
			};
			name = Release;
		};
		12947FDA1B32D069003510FF /* Debug */ = {
			isa = XCBuildConfiguration;
			buildSettings = {
				BUNDLE_LOADER = "$(TEST_HOST)";
				FRAMEWORK_SEARCH_PATHS = (
					"$(SDKROOT)/Developer/Library/Frameworks",
					"$(inherited)",
				);
				GCC_PREPROCESSOR_DEFINITIONS = (
					"DEBUG=1",
					"$(inherited)",
				);
				INFOPLIST_FILE = Location_UserDefineTests/Info.plist;
				LD_RUNPATH_SEARCH_PATHS = "$(inherited) @executable_path/Frameworks @loader_path/Frameworks";
				PRODUCT_NAME = "$(TARGET_NAME)";
				TEST_HOST = "$(BUILT_PRODUCTS_DIR)/Location_UserDefine.app/Location_UserDefine";
			};
			name = Debug;
		};
		12947FDB1B32D069003510FF /* Release */ = {
			isa = XCBuildConfiguration;
			buildSettings = {
				BUNDLE_LOADER = "$(TEST_HOST)";
				FRAMEWORK_SEARCH_PATHS = (
					"$(SDKROOT)/Developer/Library/Frameworks",
					"$(inherited)",
				);
				INFOPLIST_FILE = Location_UserDefineTests/Info.plist;
				LD_RUNPATH_SEARCH_PATHS = "$(inherited) @executable_path/Frameworks @loader_path/Frameworks";
				PRODUCT_NAME = "$(TARGET_NAME)";
				TEST_HOST = "$(BUILT_PRODUCTS_DIR)/Location_UserDefine.app/Location_UserDefine";
			};
			name = Release;
		};
/* End XCBuildConfiguration section */

/* Begin XCConfigurationList section */
		12947FAE1B32D069003510FF /* Build configuration list for PBXProject "Location_UserDefine" */ = {
			isa = XCConfigurationList;
			buildConfigurations = (
				12947FD41B32D069003510FF /* Debug */,
				12947FD51B32D069003510FF /* Release */,
			);
			defaultConfigurationIsVisible = 0;
			defaultConfigurationName = Release;
		};
		12947FD61B32D069003510FF /* Build configuration list for PBXNativeTarget "Location_UserDefine" */ = {
			isa = XCConfigurationList;
			buildConfigurations = (
				12947FD71B32D069003510FF /* Debug */,
				12947FD81B32D069003510FF /* Release */,
			);
			defaultConfigurationIsVisible = 0;
			defaultConfigurationName = Release;
		};
		12947FD91B32D069003510FF /* Build configuration list for PBXNativeTarget "Location_UserDefineTests" */ = {
			isa = XCConfigurationList;
			buildConfigurations = (
				12947FDA1B32D069003510FF /* Debug */,
				12947FDB1B32D069003510FF /* Release */,
			);
			defaultConfigurationIsVisible = 0;
			defaultConfigurationName = Release;
		};
/* End XCConfigurationList section */
	};
	rootObject = 12947FAB1B32D069003510FF /* Project object */;
}
