// !$*UTF8*$!
{
	archiveVersion = 1;
	classes = {
	};
	objectVersion = 46;
	objects = {

/* Begin PBXBuildFile section */
		1200B4DD1B3841AA00DDBB5B /* TestViewController.m in Sources */ = {isa = PBXBuildFile; fileRef = 1200B4DB1B3841AA00DDBB5B /* TestViewController.m */; };
		1200B4DE1B3841AA00DDBB5B /* TestViewController.xib in Resources */ = {isa = PBXBuildFile; fileRef = 1200B4DC1B3841AA00DDBB5B /* TestViewController.xib */; };
		123B6BF51B284B00006ABC5A /* main.m in Sources */ = {isa = PBXBuildFile; fileRef = 123B6BF41B284B00006ABC5A /* main.m */; };
		123B6BF81B284B00006ABC5A /* AppDelegate.m in Sources */ = {isa = PBXBuildFile; fileRef = 123B6BF71B284B00006ABC5A /* AppDelegate.m */; };
		123B6BFE1B284B00006ABC5A /* Main.storyboard in Resources */ = {isa = PBXBuildFile; fileRef = 123B6BFC1B284B00006ABC5A /* Main.storyboard */; };
		123B6C001B284B00006ABC5A /* Images.xcassets in Resources */ = {isa = PBXBuildFile; fileRef = 123B6BFF1B284B00006ABC5A /* Images.xcassets */; };
		123B6C031B284B00006ABC5A /* LaunchScreen.xib in Resources */ = {isa = PBXBuildFile; fileRef = 123B6C011B284B00006ABC5A /* LaunchScreen.xib */; };
		123B6C0F1B284B00006ABC5A /* PopoverControllerTests.m in Sources */ = {isa = PBXBuildFile; fileRef = 123B6C0E1B284B00006ABC5A /* PopoverControllerTests.m */; };
/* End PBXBuildFile section */

/* Begin PBXContainerItemProxy section */
		123B6C091B284B00006ABC5A /* PBXContainerItemProxy */ = {
			isa = PBXContainerItemProxy;
			containerPortal = 123B6BE71B284B00006ABC5A /* Project object */;
			proxyType = 1;
			remoteGlobalIDString = 123B6BEE1B284B00006ABC5A;
			remoteInfo = PopoverController;
		};
/* End PBXContainerItemProxy section */

/* Begin PBXFileReference section */
		1200B4DB1B3841AA00DDBB5B /* TestViewController.m */ = {isa = PBXFileReference; fileEncoding = 4; lastKnownFileType = sourcecode.c.objc; path = TestViewController.m; sourceTree = "<group>"; };
		1200B4DC1B3841AA00DDBB5B /* TestViewController.xib */ = {isa = PBXFileReference; fileEncoding = 4; lastKnownFileType = file.xib; path = TestViewController.xib; sourceTree = "<group>"; };
		123B6BEF1B284B00006ABC5A /* PopoverController.app */ = {isa = PBXFileReference; explicitFileType = wrapper.application; includeInIndex = 0; path = PopoverController.app; sourceTree = BUILT_PRODUCTS_DIR; };
		123B6BF31B284B00006ABC5A /* Info.plist */ = {isa = PBXFileReference; lastKnownFileType = text.plist.xml; path = Info.plist; sourceTree = "<group>"; };
		123B6BF41B284B00006ABC5A /* main.m */ = {isa = PBXFileReference; lastKnownFileType = sourcecode.c.objc; path = main.m; sourceTree = "<group>"; };
		123B6BF61B284B00006ABC5A /* AppDelegate.h */ = {isa = PBXFileReference; lastKnownFileType = sourcecode.c.h; path = AppDelegate.h; sourceTree = "<group>"; };
		123B6BF71B284B00006ABC5A /* AppDelegate.m */ = {isa = PBXFileReference; lastKnownFileType = sourcecode.c.objc; path = AppDelegate.m; sourceTree = "<group>"; };
		123B6BFD1B284B00006ABC5A /* Base */ = {isa = PBXFileReference; lastKnownFileType = file.storyboard; name = Base; path = Base.lproj/Main.storyboard; sourceTree = "<group>"; };
		123B6BFF1B284B00006ABC5A /* Images.xcassets */ = {isa = PBXFileReference; lastKnownFileType = folder.assetcatalog; path = Images.xcassets; sourceTree = "<group>"; };
		123B6C021B284B00006ABC5A /* Base */ = {isa = PBXFileReference; lastKnownFileType = file.xib; name = Base; path = Base.lproj/LaunchScreen.xib; sourceTree = "<group>"; };
		123B6C081B284B00006ABC5A /* PopoverControllerTests.xctest */ = {isa = PBXFileReference; explicitFileType = wrapper.cfbundle; includeInIndex = 0; path = PopoverControllerTests.xctest; sourceTree = BUILT_PRODUCTS_DIR; };
		123B6C0D1B284B00006ABC5A /* Info.plist */ = {isa = PBXFileReference; lastKnownFileType = text.plist.xml; path = Info.plist; sourceTree = "<group>"; };
		123B6C0E1B284B00006ABC5A /* PopoverControllerTests.m */ = {isa = PBXFileReference; lastKnownFileType = sourcecode.c.objc; path = PopoverControllerTests.m; sourceTree = "<group>"; };
/* End PBXFileReference section */

/* Begin PBXFrameworksBuildPhase section */
		123B6BEC1B284B00006ABC5A /* Frameworks */ = {
			isa = PBXFrameworksBuildPhase;
			buildActionMask = 2147483647;
			files = (
			);
			runOnlyForDeploymentPostprocessing = 0;
		};
		123B6C051B284B00006ABC5A /* Frameworks */ = {
			isa = PBXFrameworksBuildPhase;
			buildActionMask = 2147483647;
			files = (
			);
			runOnlyForDeploymentPostprocessing = 0;
		};
/* End PBXFrameworksBuildPhase section */

/* Begin PBXGroup section */
		123B6BE61B284B00006ABC5A = {
			isa = PBXGroup;
			children = (
				123B6BF11B284B00006ABC5A /* PopoverController */,
				123B6C0B1B284B00006ABC5A /* PopoverControllerTests */,
				123B6BF01B284B00006ABC5A /* Products */,
			);
			sourceTree = "<group>";
		};
		123B6BF01B284B00006ABC5A /* Products */ = {
			isa = PBXGroup;
			children = (
				123B6BEF1B284B00006ABC5A /* PopoverController.app */,
				123B6C081B284B00006ABC5A /* PopoverControllerTests.xctest */,
			);
			name = Products;
			sourceTree = "<group>";
		};
		123B6BF11B284B00006ABC5A /* PopoverController */ = {
			isa = PBXGroup;
			children = (
				123B6BF61B284B00006ABC5A /* AppDelegate.h */,
				123B6BF71B284B00006ABC5A /* AppDelegate.m */,
				1200B4DB1B3841AA00DDBB5B /* TestViewController.m */,
				1200B4DC1B3841AA00DDBB5B /* TestViewController.xib */,
				123B6BFC1B284B00006ABC5A /* Main.storyboard */,
				123B6BFF1B284B00006ABC5A /* Images.xcassets */,
				123B6C011B284B00006ABC5A /* LaunchScreen.xib */,
				123B6BF21B284B00006ABC5A /* Supporting Files */,
			);
			path = PopoverController;
			sourceTree = "<group>";
		};
		123B6BF21B284B00006ABC5A /* Supporting Files */ = {
			isa = PBXGroup;
			children = (
				123B6BF31B284B00006ABC5A /* Info.plist */,
				123B6BF41B284B00006ABC5A /* main.m */,
			);
			name = "Supporting Files";
			sourceTree = "<group>";
		};
		123B6C0B1B284B00006ABC5A /* PopoverControllerTests */ = {
			isa = PBXGroup;
			children = (
				123B6C0E1B284B00006ABC5A /* PopoverControllerTests.m */,
				123B6C0C1B284B00006ABC5A /* Supporting Files */,
			);
			path = PopoverControllerTests;
			sourceTree = "<group>";
		};
		123B6C0C1B284B00006ABC5A /* Supporting Files */ = {
			isa = PBXGroup;
			children = (
				123B6C0D1B284B00006ABC5A /* Info.plist */,
			);
			name = "Supporting Files";
			sourceTree = "<group>";
		};
/* End PBXGroup section */

/* Begin PBXNativeTarget section */
		123B6BEE1B284B00006ABC5A /* PopoverController */ = {
			isa = PBXNativeTarget;
			buildConfigurationList = 123B6C121B284B00006ABC5A /* Build configuration list for PBXNativeTarget "PopoverController" */;
			buildPhases = (
				123B6BEB1B284B00006ABC5A /* Sources */,
				123B6BEC1B284B00006ABC5A /* Frameworks */,
				123B6BED1B284B00006ABC5A /* Resources */,
			);
			buildRules = (
			);
			dependencies = (
			);
			name = PopoverController;
			productName = PopoverController;
			productReference = 123B6BEF1B284B00006ABC5A /* PopoverController.app */;
			productType = "com.apple.product-type.application";
		};
		123B6C071B284B00006ABC5A /* PopoverControllerTests */ = {
			isa = PBXNativeTarget;
			buildConfigurationList = 123B6C151B284B00006ABC5A /* Build configuration list for PBXNativeTarget "PopoverControllerTests" */;
			buildPhases = (
				123B6C041B284B00006ABC5A /* Sources */,
				123B6C051B284B00006ABC5A /* Frameworks */,
				123B6C061B284B00006ABC5A /* Resources */,
			);
			buildRules = (
			);
			dependencies = (
				123B6C0A1B284B00006ABC5A /* PBXTargetDependency */,
			);
			name = PopoverControllerTests;
			productName = PopoverControllerTests;
			productReference = 123B6C081B284B00006ABC5A /* PopoverControllerTests.xctest */;
			productType = "com.apple.product-type.bundle.unit-test";
		};
/* End PBXNativeTarget section */

/* Begin PBXProject section */
		123B6BE71B284B00006ABC5A /* Project object */ = {
			isa = PBXProject;
			attributes = {
				LastUpgradeCheck = 0630;
				ORGANIZATIONNAME = Zaptech;
				TargetAttributes = {
					123B6BEE1B284B00006ABC5A = {
						CreatedOnToolsVersion = 6.3;
					};
					123B6C071B284B00006ABC5A = {
						CreatedOnToolsVersion = 6.3;
						TestTargetID = 123B6BEE1B284B00006ABC5A;
					};
				};
			};
			buildConfigurationList = 123B6BEA1B284B00006ABC5A /* Build configuration list for PBXProject "PopoverController" */;
			compatibilityVersion = "Xcode 3.2";
			developmentRegion = English;
			hasScannedForEncodings = 0;
			knownRegions = (
				en,
				Base,
			);
			mainGroup = 123B6BE61B284B00006ABC5A;
			productRefGroup = 123B6BF01B284B00006ABC5A /* Products */;
			projectDirPath = "";
			projectRoot = "";
			targets = (
				123B6BEE1B284B00006ABC5A /* PopoverController */,
				123B6C071B284B00006ABC5A /* PopoverControllerTests */,
			);
		};
/* End PBXProject section */

/* Begin PBXResourcesBuildPhase section */
		123B6BED1B284B00006ABC5A /* Resources */ = {
			isa = PBXResourcesBuildPhase;
			buildActionMask = 2147483647;
			files = (
				123B6BFE1B284B00006ABC5A /* Main.storyboard in Resources */,
				123B6C031B284B00006ABC5A /* LaunchScreen.xib in Resources */,
				1200B4DE1B3841AA00DDBB5B /* TestViewController.xib in Resources */,
				123B6C001B284B00006ABC5A /* Images.xcassets in Resources */,
			);
			runOnlyForDeploymentPostprocessing = 0;
		};
		123B6C061B284B00006ABC5A /* Resources */ = {
			isa = PBXResourcesBuildPhase;
			buildActionMask = 2147483647;
			files = (
			);
			runOnlyForDeploymentPostprocessing = 0;
		};
/* End PBXResourcesBuildPhase section */

/* Begin PBXSourcesBuildPhase section */
		123B6BEB1B284B00006ABC5A /* Sources */ = {
			isa = PBXSourcesBuildPhase;
			buildActionMask = 2147483647;
			files = (
				123B6BF81B284B00006ABC5A /* AppDelegate.m in Sources */,
				1200B4DD1B3841AA00DDBB5B /* TestViewController.m in Sources */,
				123B6BF51B284B00006ABC5A /* main.m in Sources */,
			);
			runOnlyForDeploymentPostprocessing = 0;
		};
		123B6C041B284B00006ABC5A /* Sources */ = {
			isa = PBXSourcesBuildPhase;
			buildActionMask = 2147483647;
			files = (
				123B6C0F1B284B00006ABC5A /* PopoverControllerTests.m in Sources */,
			);
			runOnlyForDeploymentPostprocessing = 0;
		};
/* End PBXSourcesBuildPhase section */

/* Begin PBXTargetDependency section */
		123B6C0A1B284B00006ABC5A /* PBXTargetDependency */ = {
			isa = PBXTargetDependency;
			target = 123B6BEE1B284B00006ABC5A /* PopoverController */;
			targetProxy = 123B6C091B284B00006ABC5A /* PBXContainerItemProxy */;
		};
/* End PBXTargetDependency section */

/* Begin PBXVariantGroup section */
		123B6BFC1B284B00006ABC5A /* Main.storyboard */ = {
			isa = PBXVariantGroup;
			children = (
				123B6BFD1B284B00006ABC5A /* Base */,
			);
			name = Main.storyboard;
			sourceTree = "<group>";
		};
		123B6C011B284B00006ABC5A /* LaunchScreen.xib */ = {
			isa = PBXVariantGroup;
			children = (
				123B6C021B284B00006ABC5A /* Base */,
			);
			name = LaunchScreen.xib;
			sourceTree = "<group>";
		};
/* End PBXVariantGroup section */

/* Begin XCBuildConfiguration section */
		123B6C101B284B00006ABC5A /* Debug */ = {
			isa = XCBuildConfiguration;
			buildSettings = {
				ALWAYS_SEARCH_USER_PATHS = NO;
				CLANG_CXX_LANGUAGE_STANDARD = "gnu++0x";
				CLANG_CXX_LIBRARY = "libc++";
				CLANG_ENABLE_MODULES = YES;
				CLANG_ENABLE_OBJC_ARC = YES;
				CLANG_WARN_BOOL_CONVERSION = YES;
				CLANG_WARN_CONSTANT_CONVERSION = YES;
				CLANG_WARN_DIRECT_OBJC_ISA_USAGE = YES_ERROR;
				CLANG_WARN_EMPTY_BODY = YES;
				CLANG_WARN_ENUM_CONVERSION = YES;
				CLANG_WARN_INT_CONVERSION = YES;
				CLANG_WARN_OBJC_ROOT_CLASS = YES_ERROR;
				CLANG_WARN_UNREACHABLE_CODE = YES;
				CLANG_WARN__DUPLICATE_METHOD_MATCH = YES;
				"CODE_SIGN_IDENTITY[sdk=iphoneos*]" = "iPhone Developer";
				COPY_PHASE_STRIP = NO;
				DEBUG_INFORMATION_FORMAT = "dwarf-with-dsym";
				ENABLE_STRICT_OBJC_MSGSEND = YES;
				GCC_C_LANGUAGE_STANDARD = gnu99;
				GCC_DYNAMIC_NO_PIC = NO;
				GCC_NO_COMMON_BLOCKS = YES;
				GCC_OPTIMIZATION_LEVEL = 0;
				GCC_PREPROCESSOR_DEFINITIONS = (
					"DEBUG=1",
					"$(inherited)",
				);
				GCC_SYMBOLS_PRIVATE_EXTERN = NO;
				GCC_WARN_64_TO_32_BIT_CONVERSION = YES;
				GCC_WARN_ABOUT_RETURN_TYPE = YES_ERROR;
				GCC_WARN_UNDECLARED_SELECTOR = YES;
				GCC_WARN_UNINITIALIZED_AUTOS = YES_AGGRESSIVE;
				GCC_WARN_UNUSED_FUNCTION = YES;
				GCC_WARN_UNUSED_VARIABLE = YES;
				IPHONEOS_DEPLOYMENT_TARGET = 8.3;
				MTL_ENABLE_DEBUG_INFO = YES;
				ONLY_ACTIVE_ARCH = YES;
				SDKROOT = iphoneos;
			};
			name = Debug;
		};
		123B6C111B284B00006ABC5A /* Release */ = {
			isa = XCBuildConfiguration;
			buildSettings = {
				ALWAYS_SEARCH_USER_PATHS = NO;
				CLANG_CXX_LANGUAGE_STANDARD = "gnu++0x";
				CLANG_CXX_LIBRARY = "libc++";
				CLANG_ENABLE_MODULES = YES;
				CLANG_ENABLE_OBJC_ARC = YES;
				CLANG_WARN_BOOL_CONVERSION = YES;
				CLANG_WARN_CONSTANT_CONVERSION = YES;
				CLANG_WARN_DIRECT_OBJC_ISA_USAGE = YES_ERROR;
				CLANG_WARN_EMPTY_BODY = YES;
				CLANG_WARN_ENUM_CONVERSION = YES;
				CLANG_WARN_INT_CONVERSION = YES;
				CLANG_WARN_OBJC_ROOT_CLASS = YES_ERROR;
				CLANG_WARN_UNREACHABLE_CODE = YES;
				CLANG_WARN__DUPLICATE_METHOD_MATCH = YES;
				"CODE_SIGN_IDENTITY[sdk=iphoneos*]" = "iPhone Developer";
				COPY_PHASE_STRIP = NO;
				DEBUG_INFORMATION_FORMAT = "dwarf-with-dsym";
				ENABLE_NS_ASSERTIONS = NO;
				ENABLE_STRICT_OBJC_MSGSEND = YES;
				GCC_C_LANGUAGE_STANDARD = gnu99;
				GCC_NO_COMMON_BLOCKS = YES;
				GCC_WARN_64_TO_32_BIT_CONVERSION = YES;
				GCC_WARN_ABOUT_RETURN_TYPE = YES_ERROR;
				GCC_WARN_UNDECLARED_SELECTOR = YES;
				GCC_WARN_UNINITIALIZED_AUTOS = YES_AGGRESSIVE;
				GCC_WARN_UNUSED_FUNCTION = YES;
				GCC_WARN_UNUSED_VARIABLE = YES;
				IPHONEOS_DEPLOYMENT_TARGET = 8.3;
				MTL_ENABLE_DEBUG_INFO = NO;
				SDKROOT = iphoneos;
				VALIDATE_PRODUCT = YES;
			};
			name = Release;
		};
		123B6C131B284B00006ABC5A /* Debug */ = {
			isa = XCBuildConfiguration;
			buildSettings = {
				ASSETCATALOG_COMPILER_APPICON_NAME = AppIcon;
				INFOPLIST_FILE = PopoverController/Info.plist;
				LD_RUNPATH_SEARCH_PATHS = "$(inherited) @executable_path/Frameworks";
				PRODUCT_NAME = "$(TARGET_NAME)";
			};
			name = Debug;
		};
		123B6C141B284B00006ABC5A /* Release */ = {
			isa = XCBuildConfiguration;
			buildSettings = {
				ASSETCATALOG_COMPILER_APPICON_NAME = AppIcon;
				INFOPLIST_FILE = PopoverController/Info.plist;
				LD_RUNPATH_SEARCH_PATHS = "$(inherited) @executable_path/Frameworks";
				PRODUCT_NAME = "$(TARGET_NAME)";
			};
			name = Release;
		};
		123B6C161B284B00006ABC5A /* Debug */ = {
			isa = XCBuildConfiguration;
			buildSettings = {
				BUNDLE_LOADER = "$(TEST_HOST)";
				FRAMEWORK_SEARCH_PATHS = (
					"$(SDKROOT)/Developer/Library/Frameworks",
					"$(inherited)",
				);
				GCC_PREPROCESSOR_DEFINITIONS = (
					"DEBUG=1",
					"$(inherited)",
				);
				INFOPLIST_FILE = PopoverControllerTests/Info.plist;
				LD_RUNPATH_SEARCH_PATHS = "$(inherited) @executable_path/Frameworks @loader_path/Frameworks";
				PRODUCT_NAME = "$(TARGET_NAME)";
				TEST_HOST = "$(BUILT_PRODUCTS_DIR)/PopoverController.app/PopoverController";
			};
			name = Debug;
		};
		123B6C171B284B00006ABC5A /* Release */ = {
			isa = XCBuildConfiguration;
			buildSettings = {
				BUNDLE_LOADER = "$(TEST_HOST)";
				FRAMEWORK_SEARCH_PATHS = (
					"$(SDKROOT)/Developer/Library/Frameworks",
					"$(inherited)",
				);
				INFOPLIST_FILE = PopoverControllerTests/Info.plist;
				LD_RUNPATH_SEARCH_PATHS = "$(inherited) @executable_path/Frameworks @loader_path/Frameworks";
				PRODUCT_NAME = "$(TARGET_NAME)";
				TEST_HOST = "$(BUILT_PRODUCTS_DIR)/PopoverController.app/PopoverController";
			};
			name = Release;
		};
/* End XCBuildConfiguration section */

/* Begin XCConfigurationList section */
		123B6BEA1B284B00006ABC5A /* Build configuration list for PBXProject "PopoverController" */ = {
			isa = XCConfigurationList;
			buildConfigurations = (
				123B6C101B284B00006ABC5A /* Debug */,
				123B6C111B284B00006ABC5A /* Release */,
			);
			defaultConfigurationIsVisible = 0;
			defaultConfigurationName = Release;
		};
		123B6C121B284B00006ABC5A /* Build configuration list for PBXNativeTarget "PopoverController" */ = {
			isa = XCConfigurationList;
			buildConfigurations = (
				123B6C131B284B00006ABC5A /* Debug */,
				123B6C141B284B00006ABC5A /* Release */,
			);
			defaultConfigurationIsVisible = 0;
			defaultConfigurationName = Release;
		};
		123B6C151B284B00006ABC5A /* Build configuration list for PBXNativeTarget "PopoverControllerTests" */ = {
			isa = XCConfigurationList;
			buildConfigurations = (
				123B6C161B284B00006ABC5A /* Debug */,
				123B6C171B284B00006ABC5A /* Release */,
			);
			defaultConfigurationIsVisible = 0;
			defaultConfigurationName = Release;
		};
/* End XCConfigurationList section */
	};
	rootObject = 123B6BE71B284B00006ABC5A /* Project object */;
}
