// !$*UTF8*$!
{
	archiveVersion = 1;
	classes = {
	};
	objectVersion = 46;
	objects = {

/* Begin PBXBuildFile section */
		120C82FA1B09DDEE0095B15C /* main.m in Sources */ = {isa = PBXBuildFile; fileRef = 120C82F91B09DDEE0095B15C /* main.m */; };
		120C82FD1B09DDEE0095B15C /* AppDelegate.m in Sources */ = {isa = PBXBuildFile; fileRef = 120C82FC1B09DDEE0095B15C /* AppDelegate.m */; };
		120C83001B09DDEE0095B15C /* CollectionViewDemo.xcdatamodeld in Sources */ = {isa = PBXBuildFile; fileRef = 120C82FE1B09DDEE0095B15C /* CollectionViewDemo.xcdatamodeld */; };
		120C83031B09DDEE0095B15C /* ViewController.m in Sources */ = {isa = PBXBuildFile; fileRef = 120C83021B09DDEE0095B15C /* ViewController.m */; };
		120C83061B09DDEE0095B15C /* Main.storyboard in Resources */ = {isa = PBXBuildFile; fileRef = 120C83041B09DDEE0095B15C /* Main.storyboard */; };
		120C83081B09DDEE0095B15C /* Images.xcassets in Resources */ = {isa = PBXBuildFile; fileRef = 120C83071B09DDEE0095B15C /* Images.xcassets */; };
		120C830B1B09DDEE0095B15C /* LaunchScreen.xib in Resources */ = {isa = PBXBuildFile; fileRef = 120C83091B09DDEE0095B15C /* LaunchScreen.xib */; };
		120C83171B09DDEE0095B15C /* CollectionViewDemoTests.m in Sources */ = {isa = PBXBuildFile; fileRef = 120C83161B09DDEE0095B15C /* CollectionViewDemoTests.m */; };
		120C83221B09DEE80095B15C /* RecipeCollectionViewController.m in Sources */ = {isa = PBXBuildFile; fileRef = 120C83211B09DEE80095B15C /* RecipeCollectionViewController.m */; };
		12DFCFC61B319FBC0017ADE5 /* noodles.jpg in Resources */ = {isa = PBXBuildFile; fileRef = 12DFCFC51B319FBC0017ADE5 /* noodles.jpg */; };
/* End PBXBuildFile section */

/* Begin PBXContainerItemProxy section */
		120C83111B09DDEE0095B15C /* PBXContainerItemProxy */ = {
			isa = PBXContainerItemProxy;
			containerPortal = 120C82EC1B09DDEE0095B15C /* Project object */;
			proxyType = 1;
			remoteGlobalIDString = 120C82F31B09DDEE0095B15C;
			remoteInfo = CollectionViewDemo;
		};
/* End PBXContainerItemProxy section */

/* Begin PBXFileReference section */
		120C82F41B09DDEE0095B15C /* CollectionViewDemo.app */ = {isa = PBXFileReference; explicitFileType = wrapper.application; includeInIndex = 0; path = CollectionViewDemo.app; sourceTree = BUILT_PRODUCTS_DIR; };
		120C82F81B09DDEE0095B15C /* Info.plist */ = {isa = PBXFileReference; lastKnownFileType = text.plist.xml; path = Info.plist; sourceTree = "<group>"; };
		120C82F91B09DDEE0095B15C /* main.m */ = {isa = PBXFileReference; lastKnownFileType = sourcecode.c.objc; path = main.m; sourceTree = "<group>"; };
		120C82FB1B09DDEE0095B15C /* AppDelegate.h */ = {isa = PBXFileReference; lastKnownFileType = sourcecode.c.h; path = AppDelegate.h; sourceTree = "<group>"; };
		120C82FC1B09DDEE0095B15C /* AppDelegate.m */ = {isa = PBXFileReference; lastKnownFileType = sourcecode.c.objc; path = AppDelegate.m; sourceTree = "<group>"; };
		120C82FF1B09DDEE0095B15C /* CollectionViewDemo.xcdatamodel */ = {isa = PBXFileReference; lastKnownFileType = wrapper.xcdatamodel; path = CollectionViewDemo.xcdatamodel; sourceTree = "<group>"; };
		120C83011B09DDEE0095B15C /* ViewController.h */ = {isa = PBXFileReference; lastKnownFileType = sourcecode.c.h; path = ViewController.h; sourceTree = "<group>"; };
		120C83021B09DDEE0095B15C /* ViewController.m */ = {isa = PBXFileReference; lastKnownFileType = sourcecode.c.objc; path = ViewController.m; sourceTree = "<group>"; };
		120C83051B09DDEE0095B15C /* Base */ = {isa = PBXFileReference; lastKnownFileType = file.storyboard; name = Base; path = Base.lproj/Main.storyboard; sourceTree = "<group>"; };
		120C83071B09DDEE0095B15C /* Images.xcassets */ = {isa = PBXFileReference; lastKnownFileType = folder.assetcatalog; path = Images.xcassets; sourceTree = "<group>"; };
		120C830A1B09DDEE0095B15C /* Base */ = {isa = PBXFileReference; lastKnownFileType = file.xib; name = Base; path = Base.lproj/LaunchScreen.xib; sourceTree = "<group>"; };
		120C83101B09DDEE0095B15C /* CollectionViewDemoTests.xctest */ = {isa = PBXFileReference; explicitFileType = wrapper.cfbundle; includeInIndex = 0; path = CollectionViewDemoTests.xctest; sourceTree = BUILT_PRODUCTS_DIR; };
		120C83151B09DDEE0095B15C /* Info.plist */ = {isa = PBXFileReference; lastKnownFileType = text.plist.xml; path = Info.plist; sourceTree = "<group>"; };
		120C83161B09DDEE0095B15C /* CollectionViewDemoTests.m */ = {isa = PBXFileReference; lastKnownFileType = sourcecode.c.objc; path = CollectionViewDemoTests.m; sourceTree = "<group>"; };
		120C83201B09DEE80095B15C /* RecipeCollectionViewController.h */ = {isa = PBXFileReference; fileEncoding = 4; lastKnownFileType = sourcecode.c.h; path = RecipeCollectionViewController.h; sourceTree = "<group>"; };
		120C83211B09DEE80095B15C /* RecipeCollectionViewController.m */ = {isa = PBXFileReference; fileEncoding = 4; lastKnownFileType = sourcecode.c.objc; path = RecipeCollectionViewController.m; sourceTree = "<group>"; };
		12DFCFC51B319FBC0017ADE5 /* noodles.jpg */ = {isa = PBXFileReference; lastKnownFileType = image.jpeg; path = noodles.jpg; sourceTree = "<group>"; };
/* End PBXFileReference section */

/* Begin PBXFrameworksBuildPhase section */
		120C82F11B09DDEE0095B15C /* Frameworks */ = {
			isa = PBXFrameworksBuildPhase;
			buildActionMask = 2147483647;
			files = (
			);
			runOnlyForDeploymentPostprocessing = 0;
		};
		120C830D1B09DDEE0095B15C /* Frameworks */ = {
			isa = PBXFrameworksBuildPhase;
			buildActionMask = 2147483647;
			files = (
			);
			runOnlyForDeploymentPostprocessing = 0;
		};
/* End PBXFrameworksBuildPhase section */

/* Begin PBXGroup section */
		120C82EB1B09DDEE0095B15C = {
			isa = PBXGroup;
			children = (
				120C83201B09DEE80095B15C /* RecipeCollectionViewController.h */,
				120C83211B09DEE80095B15C /* RecipeCollectionViewController.m */,
				120C82F61B09DDEE0095B15C /* CollectionViewDemo */,
				120C83131B09DDEE0095B15C /* CollectionViewDemoTests */,
				120C82F51B09DDEE0095B15C /* Products */,
			);
			sourceTree = "<group>";
		};
		120C82F51B09DDEE0095B15C /* Products */ = {
			isa = PBXGroup;
			children = (
				120C82F41B09DDEE0095B15C /* CollectionViewDemo.app */,
				120C83101B09DDEE0095B15C /* CollectionViewDemoTests.xctest */,
			);
			name = Products;
			sourceTree = "<group>";
		};
		120C82F61B09DDEE0095B15C /* CollectionViewDemo */ = {
			isa = PBXGroup;
			children = (
				120C82FB1B09DDEE0095B15C /* AppDelegate.h */,
				120C82FC1B09DDEE0095B15C /* AppDelegate.m */,
				120C83011B09DDEE0095B15C /* ViewController.h */,
				120C83021B09DDEE0095B15C /* ViewController.m */,
				120C83041B09DDEE0095B15C /* Main.storyboard */,
				12DFCFC51B319FBC0017ADE5 /* noodles.jpg */,
				120C83071B09DDEE0095B15C /* Images.xcassets */,
				120C83091B09DDEE0095B15C /* LaunchScreen.xib */,
				120C82FE1B09DDEE0095B15C /* CollectionViewDemo.xcdatamodeld */,
				120C82F71B09DDEE0095B15C /* Supporting Files */,
			);
			path = CollectionViewDemo;
			sourceTree = "<group>";
		};
		120C82F71B09DDEE0095B15C /* Supporting Files */ = {
			isa = PBXGroup;
			children = (
				120C82F81B09DDEE0095B15C /* Info.plist */,
				120C82F91B09DDEE0095B15C /* main.m */,
			);
			name = "Supporting Files";
			sourceTree = "<group>";
		};
		120C83131B09DDEE0095B15C /* CollectionViewDemoTests */ = {
			isa = PBXGroup;
			children = (
				120C83161B09DDEE0095B15C /* CollectionViewDemoTests.m */,
				120C83141B09DDEE0095B15C /* Supporting Files */,
			);
			path = CollectionViewDemoTests;
			sourceTree = "<group>";
		};
		120C83141B09DDEE0095B15C /* Supporting Files */ = {
			isa = PBXGroup;
			children = (
				120C83151B09DDEE0095B15C /* Info.plist */,
			);
			name = "Supporting Files";
			sourceTree = "<group>";
		};
/* End PBXGroup section */

/* Begin PBXNativeTarget section */
		120C82F31B09DDEE0095B15C /* CollectionViewDemo */ = {
			isa = PBXNativeTarget;
			buildConfigurationList = 120C831A1B09DDEE0095B15C /* Build configuration list for PBXNativeTarget "CollectionViewDemo" */;
			buildPhases = (
				120C82F01B09DDEE0095B15C /* Sources */,
				120C82F11B09DDEE0095B15C /* Frameworks */,
				120C82F21B09DDEE0095B15C /* Resources */,
			);
			buildRules = (
			);
			dependencies = (
			);
			name = CollectionViewDemo;
			productName = CollectionViewDemo;
			productReference = 120C82F41B09DDEE0095B15C /* CollectionViewDemo.app */;
			productType = "com.apple.product-type.application";
		};
		120C830F1B09DDEE0095B15C /* CollectionViewDemoTests */ = {
			isa = PBXNativeTarget;
			buildConfigurationList = 120C831D1B09DDEE0095B15C /* Build configuration list for PBXNativeTarget "CollectionViewDemoTests" */;
			buildPhases = (
				120C830C1B09DDEE0095B15C /* Sources */,
				120C830D1B09DDEE0095B15C /* Frameworks */,
				120C830E1B09DDEE0095B15C /* Resources */,
			);
			buildRules = (
			);
			dependencies = (
				120C83121B09DDEE0095B15C /* PBXTargetDependency */,
			);
			name = CollectionViewDemoTests;
			productName = CollectionViewDemoTests;
			productReference = 120C83101B09DDEE0095B15C /* CollectionViewDemoTests.xctest */;
			productType = "com.apple.product-type.bundle.unit-test";
		};
/* End PBXNativeTarget section */

/* Begin PBXProject section */
		120C82EC1B09DDEE0095B15C /* Project object */ = {
			isa = PBXProject;
			attributes = {
				LastUpgradeCheck = 0600;
				ORGANIZATIONNAME = Com.Zaptech;
				TargetAttributes = {
					120C82F31B09DDEE0095B15C = {
						CreatedOnToolsVersion = 6.0.1;
					};
					120C830F1B09DDEE0095B15C = {
						CreatedOnToolsVersion = 6.0.1;
						TestTargetID = 120C82F31B09DDEE0095B15C;
					};
				};
			};
			buildConfigurationList = 120C82EF1B09DDEE0095B15C /* Build configuration list for PBXProject "CollectionViewDemo" */;
			compatibilityVersion = "Xcode 3.2";
			developmentRegion = English;
			hasScannedForEncodings = 0;
			knownRegions = (
				en,
				Base,
			);
			mainGroup = 120C82EB1B09DDEE0095B15C;
			productRefGroup = 120C82F51B09DDEE0095B15C /* Products */;
			projectDirPath = "";
			projectRoot = "";
			targets = (
				120C82F31B09DDEE0095B15C /* CollectionViewDemo */,
				120C830F1B09DDEE0095B15C /* CollectionViewDemoTests */,
			);
		};
/* End PBXProject section */

/* Begin PBXResourcesBuildPhase section */
		120C82F21B09DDEE0095B15C /* Resources */ = {
			isa = PBXResourcesBuildPhase;
			buildActionMask = 2147483647;
			files = (
				120C83061B09DDEE0095B15C /* Main.storyboard in Resources */,
				120C830B1B09DDEE0095B15C /* LaunchScreen.xib in Resources */,
				12DFCFC61B319FBC0017ADE5 /* noodles.jpg in Resources */,
				120C83081B09DDEE0095B15C /* Images.xcassets in Resources */,
			);
			runOnlyForDeploymentPostprocessing = 0;
		};
		120C830E1B09DDEE0095B15C /* Resources */ = {
			isa = PBXResourcesBuildPhase;
			buildActionMask = 2147483647;
			files = (
			);
			runOnlyForDeploymentPostprocessing = 0;
		};
/* End PBXResourcesBuildPhase section */

/* Begin PBXSourcesBuildPhase section */
		120C82F01B09DDEE0095B15C /* Sources */ = {
			isa = PBXSourcesBuildPhase;
			buildActionMask = 2147483647;
			files = (
				120C82FD1B09DDEE0095B15C /* AppDelegate.m in Sources */,
				120C83221B09DEE80095B15C /* RecipeCollectionViewController.m in Sources */,
				120C83001B09DDEE0095B15C /* CollectionViewDemo.xcdatamodeld in Sources */,
				120C83031B09DDEE0095B15C /* ViewController.m in Sources */,
				120C82FA1B09DDEE0095B15C /* main.m in Sources */,
			);
			runOnlyForDeploymentPostprocessing = 0;
		};
		120C830C1B09DDEE0095B15C /* Sources */ = {
			isa = PBXSourcesBuildPhase;
			buildActionMask = 2147483647;
			files = (
				120C83171B09DDEE0095B15C /* CollectionViewDemoTests.m in Sources */,
			);
			runOnlyForDeploymentPostprocessing = 0;
		};
/* End PBXSourcesBuildPhase section */

/* Begin PBXTargetDependency section */
		120C83121B09DDEE0095B15C /* PBXTargetDependency */ = {
			isa = PBXTargetDependency;
			target = 120C82F31B09DDEE0095B15C /* CollectionViewDemo */;
			targetProxy = 120C83111B09DDEE0095B15C /* PBXContainerItemProxy */;
		};
/* End PBXTargetDependency section */

/* Begin PBXVariantGroup section */
		120C83041B09DDEE0095B15C /* Main.storyboard */ = {
			isa = PBXVariantGroup;
			children = (
				120C83051B09DDEE0095B15C /* Base */,
			);
			name = Main.storyboard;
			sourceTree = "<group>";
		};
		120C83091B09DDEE0095B15C /* LaunchScreen.xib */ = {
			isa = PBXVariantGroup;
			children = (
				120C830A1B09DDEE0095B15C /* Base */,
			);
			name = LaunchScreen.xib;
			sourceTree = "<group>";
		};
/* End PBXVariantGroup section */

/* Begin XCBuildConfiguration section */
		120C83181B09DDEE0095B15C /* Debug */ = {
			isa = XCBuildConfiguration;
			buildSettings = {
				ALWAYS_SEARCH_USER_PATHS = NO;
				CLANG_CXX_LANGUAGE_STANDARD = "gnu++0x";
				CLANG_CXX_LIBRARY = "libc++";
				CLANG_ENABLE_MODULES = YES;
				CLANG_ENABLE_OBJC_ARC = YES;
				CLANG_WARN_BOOL_CONVERSION = YES;
				CLANG_WARN_CONSTANT_CONVERSION = YES;
				CLANG_WARN_DIRECT_OBJC_ISA_USAGE = YES_ERROR;
				CLANG_WARN_EMPTY_BODY = YES;
				CLANG_WARN_ENUM_CONVERSION = YES;
				CLANG_WARN_INT_CONVERSION = YES;
				CLANG_WARN_OBJC_ROOT_CLASS = YES_ERROR;
				CLANG_WARN_UNREACHABLE_CODE = YES;
				CLANG_WARN__DUPLICATE_METHOD_MATCH = YES;
				"CODE_SIGN_IDENTITY[sdk=iphoneos*]" = "iPhone Developer";
				COPY_PHASE_STRIP = NO;
				ENABLE_STRICT_OBJC_MSGSEND = YES;
				GCC_C_LANGUAGE_STANDARD = gnu99;
				GCC_DYNAMIC_NO_PIC = NO;
				GCC_OPTIMIZATION_LEVEL = 0;
				GCC_PREPROCESSOR_DEFINITIONS = (
					"DEBUG=1",
					"$(inherited)",
				);
				GCC_SYMBOLS_PRIVATE_EXTERN = NO;
				GCC_WARN_64_TO_32_BIT_CONVERSION = YES;
				GCC_WARN_ABOUT_RETURN_TYPE = YES_ERROR;
				GCC_WARN_UNDECLARED_SELECTOR = YES;
				GCC_WARN_UNINITIALIZED_AUTOS = YES_AGGRESSIVE;
				GCC_WARN_UNUSED_FUNCTION = YES;
				GCC_WARN_UNUSED_VARIABLE = YES;
				IPHONEOS_DEPLOYMENT_TARGET = 8.0;
				MTL_ENABLE_DEBUG_INFO = YES;
				ONLY_ACTIVE_ARCH = YES;
				SDKROOT = iphoneos;
			};
			name = Debug;
		};
		120C83191B09DDEE0095B15C /* Release */ = {
			isa = XCBuildConfiguration;
			buildSettings = {
				ALWAYS_SEARCH_USER_PATHS = NO;
				CLANG_CXX_LANGUAGE_STANDARD = "gnu++0x";
				CLANG_CXX_LIBRARY = "libc++";
				CLANG_ENABLE_MODULES = YES;
				CLANG_ENABLE_OBJC_ARC = YES;
				CLANG_WARN_BOOL_CONVERSION = YES;
				CLANG_WARN_CONSTANT_CONVERSION = YES;
				CLANG_WARN_DIRECT_OBJC_ISA_USAGE = YES_ERROR;
				CLANG_WARN_EMPTY_BODY = YES;
				CLANG_WARN_ENUM_CONVERSION = YES;
				CLANG_WARN_INT_CONVERSION = YES;
				CLANG_WARN_OBJC_ROOT_CLASS = YES_ERROR;
				CLANG_WARN_UNREACHABLE_CODE = YES;
				CLANG_WARN__DUPLICATE_METHOD_MATCH = YES;
				"CODE_SIGN_IDENTITY[sdk=iphoneos*]" = "iPhone Developer";
				COPY_PHASE_STRIP = YES;
				ENABLE_NS_ASSERTIONS = NO;
				ENABLE_STRICT_OBJC_MSGSEND = YES;
				GCC_C_LANGUAGE_STANDARD = gnu99;
				GCC_WARN_64_TO_32_BIT_CONVERSION = YES;
				GCC_WARN_ABOUT_RETURN_TYPE = YES_ERROR;
				GCC_WARN_UNDECLARED_SELECTOR = YES;
				GCC_WARN_UNINITIALIZED_AUTOS = YES_AGGRESSIVE;
				GCC_WARN_UNUSED_FUNCTION = YES;
				GCC_WARN_UNUSED_VARIABLE = YES;
				IPHONEOS_DEPLOYMENT_TARGET = 8.0;
				MTL_ENABLE_DEBUG_INFO = NO;
				SDKROOT = iphoneos;
				VALIDATE_PRODUCT = YES;
			};
			name = Release;
		};
		120C831B1B09DDEE0095B15C /* Debug */ = {
			isa = XCBuildConfiguration;
			buildSettings = {
				ASSETCATALOG_COMPILER_APPICON_NAME = AppIcon;
				INFOPLIST_FILE = CollectionViewDemo/Info.plist;
				LD_RUNPATH_SEARCH_PATHS = "$(inherited) @executable_path/Frameworks";
				PRODUCT_NAME = "$(TARGET_NAME)";
			};
			name = Debug;
		};
		120C831C1B09DDEE0095B15C /* Release */ = {
			isa = XCBuildConfiguration;
			buildSettings = {
				ASSETCATALOG_COMPILER_APPICON_NAME = AppIcon;
				INFOPLIST_FILE = CollectionViewDemo/Info.plist;
				LD_RUNPATH_SEARCH_PATHS = "$(inherited) @executable_path/Frameworks";
				PRODUCT_NAME = "$(TARGET_NAME)";
			};
			name = Release;
		};
		120C831E1B09DDEE0095B15C /* Debug */ = {
			isa = XCBuildConfiguration;
			buildSettings = {
				BUNDLE_LOADER = "$(TEST_HOST)";
				FRAMEWORK_SEARCH_PATHS = (
					"$(SDKROOT)/Developer/Library/Frameworks",
					"$(inherited)",
				);
				GCC_PREPROCESSOR_DEFINITIONS = (
					"DEBUG=1",
					"$(inherited)",
				);
				INFOPLIST_FILE = CollectionViewDemoTests/Info.plist;
				LD_RUNPATH_SEARCH_PATHS = "$(inherited) @executable_path/Frameworks @loader_path/Frameworks";
				PRODUCT_NAME = "$(TARGET_NAME)";
				TEST_HOST = "$(BUILT_PRODUCTS_DIR)/CollectionViewDemo.app/CollectionViewDemo";
			};
			name = Debug;
		};
		120C831F1B09DDEE0095B15C /* Release */ = {
			isa = XCBuildConfiguration;
			buildSettings = {
				BUNDLE_LOADER = "$(TEST_HOST)";
				FRAMEWORK_SEARCH_PATHS = (
					"$(SDKROOT)/Developer/Library/Frameworks",
					"$(inherited)",
				);
				INFOPLIST_FILE = CollectionViewDemoTests/Info.plist;
				LD_RUNPATH_SEARCH_PATHS = "$(inherited) @executable_path/Frameworks @loader_path/Frameworks";
				PRODUCT_NAME = "$(TARGET_NAME)";
				TEST_HOST = "$(BUILT_PRODUCTS_DIR)/CollectionViewDemo.app/CollectionViewDemo";
			};
			name = Release;
		};
/* End XCBuildConfiguration section */

/* Begin XCConfigurationList section */
		120C82EF1B09DDEE0095B15C /* Build configuration list for PBXProject "CollectionViewDemo" */ = {
			isa = XCConfigurationList;
			buildConfigurations = (
				120C83181B09DDEE0095B15C /* Debug */,
				120C83191B09DDEE0095B15C /* Release */,
			);
			defaultConfigurationIsVisible = 0;
			defaultConfigurationName = Release;
		};
		120C831A1B09DDEE0095B15C /* Build configuration list for PBXNativeTarget "CollectionViewDemo" */ = {
			isa = XCConfigurationList;
			buildConfigurations = (
				120C831B1B09DDEE0095B15C /* Debug */,
				120C831C1B09DDEE0095B15C /* Release */,
			);
			defaultConfigurationIsVisible = 0;
			defaultConfigurationName = Release;
		};
		120C831D1B09DDEE0095B15C /* Build configuration list for PBXNativeTarget "CollectionViewDemoTests" */ = {
			isa = XCConfigurationList;
			buildConfigurations = (
				120C831E1B09DDEE0095B15C /* Debug */,
				120C831F1B09DDEE0095B15C /* Release */,
			);
			defaultConfigurationIsVisible = 0;
			defaultConfigurationName = Release;
		};
/* End XCConfigurationList section */

/* Begin XCVersionGroup section */
		120C82FE1B09DDEE0095B15C /* CollectionViewDemo.xcdatamodeld */ = {
			isa = XCVersionGroup;
			children = (
				120C82FF1B09DDEE0095B15C /* CollectionViewDemo.xcdatamodel */,
			);
			currentVersion = 120C82FF1B09DDEE0095B15C /* CollectionViewDemo.xcdatamodel */;
			path = CollectionViewDemo.xcdatamodeld;
			sourceTree = "<group>";
			versionGroupType = wrapper.xcdatamodel;
		};
/* End XCVersionGroup section */
	};
	rootObject = 120C82EC1B09DDEE0095B15C /* Project object */;
}
